
Microsoft Visual Studio Solution File, Format Version 12.00
# Visual Studio Version 17
VisualStudioVersion = 17.9.34902.65
MinimumVisualStudioVersion = 10.0.40219.1
Project("{FAE04EC0-301F-11D3-BF4B-00C04F79EFBC}") = "MainProject", "MainProject\MainProject.csproj", "{DEC2066A-7919-4086-B9C6-498C64052A77}"
EndProject
Project("{FAE04EC0-301F-11D3-BF4B-00C04F79EFBC}") = "UnitTests", "UnitTests\UnitTests.csproj", "{4547A42C-330C-455C-B09B-13E7300E9250}"
EndProject
Global
	GlobalSection(SolutionConfigurationPlatforms) = preSolution
		Debug|Any CPU = Debug|Any CPU
		Release|Any CPU = Release|Any CPU
	EndGlobalSection
	GlobalSection(ProjectConfigurationPlatforms) = postSolution
		{DEC2066A-7919-4086-B9C6-498C64052A77}.Debug|Any CPU.ActiveCfg = Debug|Any CPU
		{DEC2066A-7919-4086-B9C6-498C64052A77}.Debug|Any CPU.Build.0 = Debug|Any CPU
		{DEC2066A-7919-4086-B9C6-498C64052A77}.Release|Any CPU.ActiveCfg = Release|Any CPU
		{DEC2066A-7919-4086-B9C6-498C64052A77}.Release|Any CPU.Build.0 = Release|Any CPU
		{4547A42C-330C-455C-B09B-13E7300E9250}.Debug|Any CPU.ActiveCfg = Debug|Any CPU
		{4547A42C-330C-455C-B09B-13E7300E9250}.Debug|Any CPU.Build.0 = Debug|Any CPU
		{4547A42C-330C-455C-B09B-13E7300E9250}.Release|Any CPU.ActiveCfg = Release|Any CPU
		{4547A42C-330C-455C-B09B-13E7300E9250}.Release|Any CPU.Build.0 = Release|Any CPU
	EndGlobalSection
	GlobalSection(SolutionProperties) = preSolution
		HideSolutionNode = FALSE
	EndGlobalSection
	GlobalSection(ExtensibilityGlobals) = postSolution
		SolutionGuid = {A1324599-75DD-4202-82F3-BBC3D86AEB59}
	EndGlobalSection
EndGlobal
